
Microsoft Visual Studio Solution File, Format Version 12.00
# Visual Studio Version 17
VisualStudioVersion = 17.11.35312.102
MinimumVisualStudioVersion = 10.0.40219.1
Project("{FAE04EC0-301F-11D3-BF4B-00C04F79EFBC}") = "Domain", "Domain\Domain.csproj", "{40DC43D2-0BC5-43FF-8C88-03CB9690CBFD}"
EndProject
Project("{FAE04EC0-301F-11D3-BF4B-00C04F79EFBC}") = "APIService", "APIService\APIService.csproj", "{04D38E13-7B6E-460D-A7C9-90E6EB0BE84E}"
EndProject
Global
	GlobalSection(SolutionConfigurationPlatforms) = preSolution
		Debug|Any CPU = Debug|Any CPU
		Release|Any CPU = Release|Any CPU
	EndGlobalSection
	GlobalSection(ProjectConfigurationPlatforms) = postSolution
		{40DC43D2-0BC5-43FF-8C88-03CB9690CBFD}.Debug|Any CPU.ActiveCfg = Debug|Any CPU
		{40DC43D2-0BC5-43FF-8C88-03CB9690CBFD}.Debug|Any CPU.Build.0 = Debug|Any CPU
		{40DC43D2-0BC5-43FF-8C88-03CB9690CBFD}.Release|Any CPU.ActiveCfg = Release|Any CPU
		{40DC43D2-0BC5-43FF-8C88-03CB9690CBFD}.Release|Any CPU.Build.0 = Release|Any CPU
		{04D38E13-7B6E-460D-A7C9-90E6EB0BE84E}.Debug|Any CPU.ActiveCfg = Debug|Any CPU
		{04D38E13-7B6E-460D-A7C9-90E6EB0BE84E}.Debug|Any CPU.Build.0 = Debug|Any CPU
		{04D38E13-7B6E-460D-A7C9-90E6EB0BE84E}.Release|Any CPU.ActiveCfg = Release|Any CPU
		{04D38E13-7B6E-460D-A7C9-90E6EB0BE84E}.Release|Any CPU.Build.0 = Release|Any CPU
	EndGlobalSection
	GlobalSection(SolutionProperties) = preSolution
		HideSolutionNode = FALSE
	EndGlobalSection
	GlobalSection(ExtensibilityGlobals) = postSolution
		SolutionGuid = {02C3EF73-0BB8-41D7-9CDD-53E01EF55C4F}
	EndGlobalSection
EndGlobal
